
Microsoft Visual Studio Solution File, Format Version 12.00
# Visual Studio Version 17
VisualStudioVersion = 17.2.32630.192
MinimumVisualStudioVersion = 10.0.40219.1
Project("{FAE04EC0-301F-11D3-BF4B-00C04F79EFBC}") = "LerDadosDeEntrada", "LerDadosDeEntrada\LerDadosDeEntrada.csproj", "{A74E2048-AA73-4E50-A1A0-FEC037AB2CF9}"
EndProject
Global
	GlobalSection(SolutionConfigurationPlatforms) = preSolution
		Debug|Any CPU = Debug|Any CPU
		Release|Any CPU = Release|Any CPU
	EndGlobalSection
	GlobalSection(ProjectConfigurationPlatforms) = postSolution
		{A74E2048-AA73-4E50-A1A0-FEC037AB2CF9}.Debug|Any CPU.ActiveCfg = Debug|Any CPU
		{A74E2048-AA73-4E50-A1A0-FEC037AB2CF9}.Debug|Any CPU.Build.0 = Debug|Any CPU
		{A74E2048-AA73-4E50-A1A0-FEC037AB2CF9}.Release|Any CPU.ActiveCfg = Release|Any CPU
		{A74E2048-AA73-4E50-A1A0-FEC037AB2CF9}.Release|Any CPU.Build.0 = Release|Any CPU
	EndGlobalSection
	GlobalSection(SolutionProperties) = preSolution
		HideSolutionNode = FALSE
	EndGlobalSection
	GlobalSection(ExtensibilityGlobals) = postSolution
		SolutionGuid = {267C38C3-D1D7-4303-99B2-17750C21C1EC}
	EndGlobalSection
EndGlobal
